
Microsoft Visual Studio Solution File, Format Version 12.00
# Visual Studio 2012
Project("{FAE04EC0-301F-11D3-BF4B-00C04F79EFBC}") = "WiFi_Start", "WiFi_Start\WiFi_Start.csproj", "{D2F2248E-5171-4BB4-B2B9-C4B010C5BCFD}"
EndProject
Global
	GlobalSection(SolutionConfigurationPlatforms) = preSolution
		Debug|Any CPU = Debug|Any CPU
		Release|Any CPU = Release|Any CPU
	EndGlobalSection
	GlobalSection(ProjectConfigurationPlatforms) = postSolution
		{D2F2248E-5171-4BB4-B2B9-C4B010C5BCFD}.Debug|Any CPU.ActiveCfg = Debug|Any CPU
		{D2F2248E-5171-4BB4-B2B9-C4B010C5BCFD}.Debug|Any CPU.Build.0 = Debug|Any CPU
		{D2F2248E-5171-4BB4-B2B9-C4B010C5BCFD}.Release|Any CPU.ActiveCfg = Release|Any CPU
		{D2F2248E-5171-4BB4-B2B9-C4B010C5BCFD}.Release|Any CPU.Build.0 = Release|Any CPU
	EndGlobalSection
	GlobalSection(SolutionProperties) = preSolution
		HideSolutionNode = FALSE
	EndGlobalSection
EndGlobal
